
Microsoft Visual Studio Solution File, Format Version 12.00
# Visual Studio 15
VisualStudioVersion = 15.0.28307.1684
MinimumVisualStudioVersion = 10.0.40219.1
Project("{8BC9CEB8-8B4A-11D0-8D11-00A0C91BC942}") = "snake", "snake\snake.vcxproj", "{AE1AF243-3D8C-4598-B37D-248F3E1469F4}"
EndProject
Global
	GlobalSection(SolutionConfigurationPlatforms) = preSolution
		Debug|x64 = Debug|x64
		Debug|x86 = Debug|x86
		Release|x64 = Release|x64
		Release|x86 = Release|x86
	EndGlobalSection
	GlobalSection(ProjectConfigurationPlatforms) = postSolution
		{AE1AF243-3D8C-4598-B37D-248F3E1469F4}.Debug|x64.ActiveCfg = Debug|x64
		{AE1AF243-3D8C-4598-B37D-248F3E1469F4}.Debug|x64.Build.0 = Debug|x64
		{AE1AF243-3D8C-4598-B37D-248F3E1469F4}.Debug|x86.ActiveCfg = Debug|Win32
		{AE1AF243-3D8C-4598-B37D-248F3E1469F4}.Debug|x86.Build.0 = Debug|Win32
		{AE1AF243-3D8C-4598-B37D-248F3E1469F4}.Release|x64.ActiveCfg = Release|x64
		{AE1AF243-3D8C-4598-B37D-248F3E1469F4}.Release|x64.Build.0 = Release|x64
		{AE1AF243-3D8C-4598-B37D-248F3E1469F4}.Release|x86.ActiveCfg = Release|Win32
		{AE1AF243-3D8C-4598-B37D-248F3E1469F4}.Release|x86.Build.0 = Release|Win32
	EndGlobalSection
	GlobalSection(SolutionProperties) = preSolution
		HideSolutionNode = FALSE
	EndGlobalSection
	GlobalSection(ExtensibilityGlobals) = postSolution
		SolutionGuid = {D145F1BF-F662-4585-9B36-4E2BE167600D}
	EndGlobalSection
EndGlobal
